
Microsoft Visual Studio Solution File, Format Version 12.00
# Visual Studio Version 17
VisualStudioVersion = 17.13.35931.197 d17.13
MinimumVisualStudioVersion = 10.0.40219.1
Project("{FAE04EC0-301F-11D3-BF4B-00C04F79EFBC}") = "RenderTest", "RenderTest\RenderTest.csproj", "{55851228-3B62-4F6A-BF94-D306B1F68675}"
EndProject
Global
	GlobalSection(SolutionConfigurationPlatforms) = preSolution
		Debug|Any CPU = Debug|Any CPU
		Release|Any CPU = Release|Any CPU
	EndGlobalSection
	GlobalSection(ProjectConfigurationPlatforms) = postSolution
		{55851228-3B62-4F6A-BF94-D306B1F68675}.Debug|Any CPU.ActiveCfg = Debug|Any CPU
		{55851228-3B62-4F6A-BF94-D306B1F68675}.Debug|Any CPU.Build.0 = Debug|Any CPU
		{55851228-3B62-4F6A-BF94-D306B1F68675}.Release|Any CPU.ActiveCfg = Release|Any CPU
		{55851228-3B62-4F6A-BF94-D306B1F68675}.Release|Any CPU.Build.0 = Release|Any CPU
	EndGlobalSection
	GlobalSection(SolutionProperties) = preSolution
		HideSolutionNode = FALSE
	EndGlobalSection
	GlobalSection(ExtensibilityGlobals) = postSolution
		SolutionGuid = {CC280242-9CCA-42AF-B908-4263F3B772DC}
	EndGlobalSection
EndGlobal
